
Microsoft Visual Studio Solution File, Format Version 12.00
# Visual Studio Version 16
VisualStudioVersion = 16.0.31313.79
MinimumVisualStudioVersion = 10.0.40219.1
Project("{9A19103F-16F7-4668-BE54-9A1E7A4F7556}") = "PoissonSoft.KuСoinApi", "PoissonSoft.KucoinApi\PoissonSoft.KuСoinApi.csproj", "{05C03EF6-9D46-4FCD-8C2B-66658A22C1C2}"
EndProject
Project("{2150E333-8FDC-42A3-9474-1A3956D46DE8}") = "Example", "Example", "{E53CDB69-86F7-4C9C-B1D9-3BA16787E3A5}"
EndProject
Project("{9A19103F-16F7-4668-BE54-9A1E7A4F7556}") = "PoissonSoft.CommonUtils", "PoissonSoft.CommonUtils\Src\PoissonSoft.CommonUtils\PoissonSoft.CommonUtils.csproj", "{71E73961-D3EF-4C7B-89DF-2F443BA44A06}"
EndProject
Project("{9A19103F-16F7-4668-BE54-9A1E7A4F7556}") = "KuСoinApi.Example", "KucoinApi.Example\KuСoinApi.Example.csproj", "{1E9719DB-05D5-4FBE-872E-D6F4EC98A038}"
EndProject
Global
	GlobalSection(SolutionConfigurationPlatforms) = preSolution
		Debug|Any CPU = Debug|Any CPU
		Release|Any CPU = Release|Any CPU
	EndGlobalSection
	GlobalSection(ProjectConfigurationPlatforms) = postSolution
		{05C03EF6-9D46-4FCD-8C2B-66658A22C1C2}.Debug|Any CPU.ActiveCfg = Debug|Any CPU
		{05C03EF6-9D46-4FCD-8C2B-66658A22C1C2}.Debug|Any CPU.Build.0 = Debug|Any CPU
		{05C03EF6-9D46-4FCD-8C2B-66658A22C1C2}.Release|Any CPU.ActiveCfg = Release|Any CPU
		{05C03EF6-9D46-4FCD-8C2B-66658A22C1C2}.Release|Any CPU.Build.0 = Release|Any CPU
		{71E73961-D3EF-4C7B-89DF-2F443BA44A06}.Debug|Any CPU.ActiveCfg = Debug|Any CPU
		{71E73961-D3EF-4C7B-89DF-2F443BA44A06}.Debug|Any CPU.Build.0 = Debug|Any CPU
		{71E73961-D3EF-4C7B-89DF-2F443BA44A06}.Release|Any CPU.ActiveCfg = Release|Any CPU
		{71E73961-D3EF-4C7B-89DF-2F443BA44A06}.Release|Any CPU.Build.0 = Release|Any CPU
		{1E9719DB-05D5-4FBE-872E-D6F4EC98A038}.Debug|Any CPU.ActiveCfg = Debug|Any CPU
		{1E9719DB-05D5-4FBE-872E-D6F4EC98A038}.Debug|Any CPU.Build.0 = Debug|Any CPU
		{1E9719DB-05D5-4FBE-872E-D6F4EC98A038}.Release|Any CPU.ActiveCfg = Release|Any CPU
		{1E9719DB-05D5-4FBE-872E-D6F4EC98A038}.Release|Any CPU.Build.0 = Release|Any CPU
	EndGlobalSection
	GlobalSection(SolutionProperties) = preSolution
		HideSolutionNode = FALSE
	EndGlobalSection
	GlobalSection(NestedProjects) = preSolution
		{71E73961-D3EF-4C7B-89DF-2F443BA44A06} = {E53CDB69-86F7-4C9C-B1D9-3BA16787E3A5}
		{1E9719DB-05D5-4FBE-872E-D6F4EC98A038} = {E53CDB69-86F7-4C9C-B1D9-3BA16787E3A5}
	EndGlobalSection
	GlobalSection(ExtensibilityGlobals) = postSolution
		SolutionGuid = {E710C5B0-2233-4738-A412-8D5822CE06A4}
	EndGlobalSection
EndGlobal
